
Microsoft Visual Studio Solution File, Format Version 12.00
# Visual Studio Version 16
VisualStudioVersion = 16.0.31515.178
MinimumVisualStudioVersion = 10.0.40219.1
Project("{9A19103F-16F7-4668-BE54-9A1E7A4F7556}") = "chome", "chome\chome.csproj", "{7F5F868A-36F6-45B5-905D-5A022CE68069}"
EndProject
Project("{FAE04EC0-301F-11D3-BF4B-00C04F79EFBC}") = "aichome", "aichome\aichome.csproj", "{57FC089F-F8B6-40FE-8A6F-2C0CF6283E10}"
EndProject
Global
	GlobalSection(SolutionConfigurationPlatforms) = preSolution
		Debug|Any CPU = Debug|Any CPU
		Release|Any CPU = Release|Any CPU
	EndGlobalSection
	GlobalSection(ProjectConfigurationPlatforms) = postSolution
		{7F5F868A-36F6-45B5-905D-5A022CE68069}.Debug|Any CPU.ActiveCfg = Debug|Any CPU
		{7F5F868A-36F6-45B5-905D-5A022CE68069}.Debug|Any CPU.Build.0 = Debug|Any CPU
		{7F5F868A-36F6-45B5-905D-5A022CE68069}.Release|Any CPU.ActiveCfg = Release|Any CPU
		{7F5F868A-36F6-45B5-905D-5A022CE68069}.Release|Any CPU.Build.0 = Release|Any CPU
		{57FC089F-F8B6-40FE-8A6F-2C0CF6283E10}.Debug|Any CPU.ActiveCfg = Debug|Any CPU
		{57FC089F-F8B6-40FE-8A6F-2C0CF6283E10}.Debug|Any CPU.Build.0 = Debug|Any CPU
		{57FC089F-F8B6-40FE-8A6F-2C0CF6283E10}.Release|Any CPU.ActiveCfg = Release|Any CPU
		{57FC089F-F8B6-40FE-8A6F-2C0CF6283E10}.Release|Any CPU.Build.0 = Release|Any CPU
	EndGlobalSection
	GlobalSection(SolutionProperties) = preSolution
		HideSolutionNode = FALSE
	EndGlobalSection
	GlobalSection(ExtensibilityGlobals) = postSolution
		SolutionGuid = {C3A77249-379C-4B67-9A37-0555D99C2A4A}
	EndGlobalSection
EndGlobal
